
Microsoft Visual Studio Solution File, Format Version 12.00
# Visual Studio Version 17
VisualStudioVersion = 17.6.33712.159
MinimumVisualStudioVersion = 10.0.40219.1
Project("{FAE04EC0-301F-11D3-BF4B-00C04F79EFBC}") = "MacWebApi", "MacWebApi\MacWebApi.csproj", "{75D145D5-6599-4878-A414-8895C2E69C8F}"
EndProject
Global
	GlobalSection(SolutionConfigurationPlatforms) = preSolution
		Debug|Any CPU = Debug|Any CPU
		Release|Any CPU = Release|Any CPU
	EndGlobalSection
	GlobalSection(ProjectConfigurationPlatforms) = postSolution
		{75D145D5-6599-4878-A414-8895C2E69C8F}.Debug|Any CPU.ActiveCfg = Debug|Any CPU
		{75D145D5-6599-4878-A414-8895C2E69C8F}.Debug|Any CPU.Build.0 = Debug|Any CPU
		{75D145D5-6599-4878-A414-8895C2E69C8F}.Release|Any CPU.ActiveCfg = Release|Any CPU
		{75D145D5-6599-4878-A414-8895C2E69C8F}.Release|Any CPU.Build.0 = Release|Any CPU
	EndGlobalSection
	GlobalSection(SolutionProperties) = preSolution
		HideSolutionNode = FALSE
	EndGlobalSection
	GlobalSection(ExtensibilityGlobals) = postSolution
		SolutionGuid = {C355EC0C-727B-4182-9692-2C72A32787E9}
	EndGlobalSection
EndGlobal
